
Microsoft Visual Studio Solution File, Format Version 12.00
# Visual Studio 15
VisualStudioVersion = 15.0.28307.1401
MinimumVisualStudioVersion = 10.0.40219.1
Project("{8BC9CEB8-8B4A-11D0-8D11-00A0C91BC942}") = "JourneyToMars", "JourneyToMars\JourneyToMars.vcxproj", "{0A410B55-EC0B-4D56-8051-3B24EBDB74E3}"
EndProject
Global
	GlobalSection(SolutionConfigurationPlatforms) = preSolution
		Debug|x64 = Debug|x64
		Release|x64 = Release|x64
	EndGlobalSection
	GlobalSection(ProjectConfigurationPlatforms) = postSolution
		{0A410B55-EC0B-4D56-8051-3B24EBDB74E3}.Debug|x64.ActiveCfg = Debug|x64
		{0A410B55-EC0B-4D56-8051-3B24EBDB74E3}.Debug|x64.Build.0 = Debug|x64
		{0A410B55-EC0B-4D56-8051-3B24EBDB74E3}.Release|x64.ActiveCfg = Release|x64
		{0A410B55-EC0B-4D56-8051-3B24EBDB74E3}.Release|x64.Build.0 = Release|x64
	EndGlobalSection
	GlobalSection(SolutionProperties) = preSolution
		HideSolutionNode = FALSE
	EndGlobalSection
	GlobalSection(ExtensibilityGlobals) = postSolution
		SolutionGuid = {960880CA-CCF6-4D55-B3E5-577E1B355572}
	EndGlobalSection
EndGlobal
